// !$*UTF8*$!
{
	archiveVersion = 1;
	classes = {
	};
	objectVersion = 50;
	objects = {

/* Begin PBXBuildFile section */
		874F46F0236451BA007F7129 /* AppDelegate.swift in Sources */ = {isa = PBXBuildFile; fileRef = 874F46EF236451BA007F7129 /* AppDelegate.swift */; };
		874F46F2236451BA007F7129 /* BlinkDetector.swift in Sources */ = {isa = PBXBuildFile; fileRef = 874F46F1236451BA007F7129 /* BlinkDetector.swift */; };
		874F46F5236451BA007F7129 /* Main.storyboard in Resources */ = {isa = PBXBuildFile; fileRef = 874F46F3236451BA007F7129 /* Main.storyboard */; };
		874F46F7236451BE007F7129 /* Assets.xcassets in Resources */ = {isa = PBXBuildFile; fileRef = 874F46F6236451BE007F7129 /* Assets.xcassets */; };
		874F46FA236451BE007F7129 /* LaunchScreen.storyboard in Resources */ = {isa = PBXBuildFile; fileRef = 874F46F8236451BE007F7129 /* LaunchScreen.storyboard */; };
		874F4705236451BE007F7129 /* face_detectTests.swift in Sources */ = {isa = PBXBuildFile; fileRef = 874F4704236451BE007F7129 /* face_detectTests.swift */; };
		874F4710236451BE007F7129 /* face_detectUITests.swift in Sources */ = {isa = PBXBuildFile; fileRef = 874F470F236451BE007F7129 /* face_detectUITests.swift */; };
/* End PBXBuildFile section */

/* Begin PBXContainerItemProxy section */
		874F4701236451BE007F7129 /* PBXContainerItemProxy */ = {
			isa = PBXContainerItemProxy;
			containerPortal = 874F46E4236451BA007F7129 /* Project object */;
			proxyType = 1;
			remoteGlobalIDString = 874F46EB236451BA007F7129;
			remoteInfo = face_detect;
		};
		874F470C236451BE007F7129 /* PBXContainerItemProxy */ = {
			isa = PBXContainerItemProxy;
			containerPortal = 874F46E4236451BA007F7129 /* Project object */;
			proxyType = 1;
			remoteGlobalIDString = 874F46EB236451BA007F7129;
			remoteInfo = face_detect;
		};
/* End PBXContainerItemProxy section */

/* Begin PBXFileReference section */
		874F46EC236451BA007F7129 /* face_detect.app */ = {isa = PBXFileReference; explicitFileType = wrapper.application; includeInIndex = 0; path = face_detect.app; sourceTree = BUILT_PRODUCTS_DIR; };
		874F46EF236451BA007F7129 /* AppDelegate.swift */ = {isa = PBXFileReference; lastKnownFileType = sourcecode.swift; path = AppDelegate.swift; sourceTree = "<group>"; };
		874F46F1236451BA007F7129 /* BlinkDetector.swift */ = {isa = PBXFileReference; lastKnownFileType = sourcecode.swift; path = BlinkDetector.swift; sourceTree = "<group>"; };
		874F46F4236451BA007F7129 /* Base */ = {isa = PBXFileReference; lastKnownFileType = file.storyboard; name = Base; path = Base.lproj/Main.storyboard; sourceTree = "<group>"; };
		874F46F6236451BE007F7129 /* Assets.xcassets */ = {isa = PBXFileReference; lastKnownFileType = folder.assetcatalog; path = Assets.xcassets; sourceTree = "<group>"; };
		874F46F9236451BE007F7129 /* Base */ = {isa = PBXFileReference; lastKnownFileType = file.storyboard; name = Base; path = Base.lproj/LaunchScreen.storyboard; sourceTree = "<group>"; };
		874F46FB236451BE007F7129 /* Info.plist */ = {isa = PBXFileReference; lastKnownFileType = text.plist.xml; path = Info.plist; sourceTree = "<group>"; };
		874F4700236451BE007F7129 /* face_detectTests.xctest */ = {isa = PBXFileReference; explicitFileType = wrapper.cfbundle; includeInIndex = 0; path = face_detectTests.xctest; sourceTree = BUILT_PRODUCTS_DIR; };
		874F4704236451BE007F7129 /* face_detectTests.swift */ = {isa = PBXFileReference; lastKnownFileType = sourcecode.swift; path = face_detectTests.swift; sourceTree = "<group>"; };
		874F4706236451BE007F7129 /* Info.plist */ = {isa = PBXFileReference; lastKnownFileType = text.plist.xml; path = Info.plist; sourceTree = "<group>"; };
		874F470B236451BE007F7129 /* face_detectUITests.xctest */ = {isa = PBXFileReference; explicitFileType = wrapper.cfbundle; includeInIndex = 0; path = face_detectUITests.xctest; sourceTree = BUILT_PRODUCTS_DIR; };
		874F470F236451BE007F7129 /* face_detectUITests.swift */ = {isa = PBXFileReference; lastKnownFileType = sourcecode.swift; path = face_detectUITests.swift; sourceTree = "<group>"; };
		874F4711236451BE007F7129 /* Info.plist */ = {isa = PBXFileReference; lastKnownFileType = text.plist.xml; path = Info.plist; sourceTree = "<group>"; };
/* End PBXFileReference section */

/* Begin PBXFrameworksBuildPhase section */
		874F46E9236451BA007F7129 /* Frameworks */ = {
			isa = PBXFrameworksBuildPhase;
			buildActionMask = 2147483647;
			files = (
			);
			runOnlyForDeploymentPostprocessing = 0;
		};
		874F46FD236451BE007F7129 /* Frameworks */ = {
			isa = PBXFrameworksBuildPhase;
			buildActionMask = 2147483647;
			files = (
			);
			runOnlyForDeploymentPostprocessing = 0;
		};
		874F4708236451BE007F7129 /* Frameworks */ = {
			isa = PBXFrameworksBuildPhase;
			buildActionMask = 2147483647;
			files = (
			);
			runOnlyForDeploymentPostprocessing = 0;
		};
/* End PBXFrameworksBuildPhase section */

/* Begin PBXGroup section */
		874F46E3236451BA007F7129 = {
			isa = PBXGroup;
			children = (
				874F46EE236451BA007F7129 /* face_detect */,
				874F4703236451BE007F7129 /* face_detectTests */,
				874F470E236451BE007F7129 /* face_detectUITests */,
				874F46ED236451BA007F7129 /* Products */,
			);
			sourceTree = "<group>";
		};
		874F46ED236451BA007F7129 /* Products */ = {
			isa = PBXGroup;
			children = (
				874F46EC236451BA007F7129 /* face_detect.app */,
				874F4700236451BE007F7129 /* face_detectTests.xctest */,
				874F470B236451BE007F7129 /* face_detectUITests.xctest */,
			);
			name = Products;
			sourceTree = "<group>";
		};
		874F46EE236451BA007F7129 /* face_detect */ = {
			isa = PBXGroup;
			children = (
				874F46EF236451BA007F7129 /* AppDelegate.swift */,
				874F46F1236451BA007F7129 /* BlinkDetector.swift */,
				874F46F3236451BA007F7129 /* Main.storyboard */,
				874F46F6236451BE007F7129 /* Assets.xcassets */,
				874F46F8236451BE007F7129 /* LaunchScreen.storyboard */,
				874F46FB236451BE007F7129 /* Info.plist */,
			);
			path = face_detect;
			sourceTree = "<group>";
		};
		874F4703236451BE007F7129 /* face_detectTests */ = {
			isa = PBXGroup;
			children = (
				874F4704236451BE007F7129 /* face_detectTests.swift */,
				874F4706236451BE007F7129 /* Info.plist */,
			);
			path = face_detectTests;
			sourceTree = "<group>";
		};
		874F470E236451BE007F7129 /* face_detectUITests */ = {
			isa = PBXGroup;
			children = (
				874F470F236451BE007F7129 /* face_detectUITests.swift */,
				874F4711236451BE007F7129 /* Info.plist */,
			);
			path = face_detectUITests;
			sourceTree = "<group>";
		};
/* End PBXGroup section */

/* Begin PBXNativeTarget section */
		874F46EB236451BA007F7129 /* face_detect */ = {
			isa = PBXNativeTarget;
			buildConfigurationList = 874F4714236451BE007F7129 /* Build configuration list for PBXNativeTarget "face_detect" */;
			buildPhases = (
				874F46E8236451BA007F7129 /* Sources */,
				874F46E9236451BA007F7129 /* Frameworks */,
				874F46EA236451BA007F7129 /* Resources */,
			);
			buildRules = (
			);
			dependencies = (
			);
			name = face_detect;
			productName = face_detect;
			productReference = 874F46EC236451BA007F7129 /* face_detect.app */;
			productType = "com.apple.product-type.application";
		};
		874F46FF236451BE007F7129 /* face_detectTests */ = {
			isa = PBXNativeTarget;
			buildConfigurationList = 874F4717236451BE007F7129 /* Build configuration list for PBXNativeTarget "face_detectTests" */;
			buildPhases = (
				874F46FC236451BE007F7129 /* Sources */,
				874F46FD236451BE007F7129 /* Frameworks */,
				874F46FE236451BE007F7129 /* Resources */,
			);
			buildRules = (
			);
			dependencies = (
				874F4702236451BE007F7129 /* PBXTargetDependency */,
			);
			name = face_detectTests;
			productName = face_detectTests;
			productReference = 874F4700236451BE007F7129 /* face_detectTests.xctest */;
			productType = "com.apple.product-type.bundle.unit-test";
		};
		874F470A236451BE007F7129 /* face_detectUITests */ = {
			isa = PBXNativeTarget;
			buildConfigurationList = 874F471A236451BE007F7129 /* Build configuration list for PBXNativeTarget "face_detectUITests" */;
			buildPhases = (
				874F4707236451BE007F7129 /* Sources */,
				874F4708236451BE007F7129 /* Frameworks */,
				874F4709236451BE007F7129 /* Resources */,
			);
			buildRules = (
			);
			dependencies = (
				874F470D236451BE007F7129 /* PBXTargetDependency */,
			);
			name = face_detectUITests;
			productName = face_detectUITests;
			productReference = 874F470B236451BE007F7129 /* face_detectUITests.xctest */;
			productType = "com.apple.product-type.bundle.ui-testing";
		};
/* End PBXNativeTarget section */

/* Begin PBXProject section */
		874F46E4236451BA007F7129 /* Project object */ = {
			isa = PBXProject;
			attributes = {
				LastSwiftUpdateCheck = 1020;
				LastUpgradeCheck = 1020;
				ORGANIZATIONNAME = "Harim Lee";
				TargetAttributes = {
					874F46EB236451BA007F7129 = {
						CreatedOnToolsVersion = 10.2.1;
					};
					874F46FF236451BE007F7129 = {
						CreatedOnToolsVersion = 10.2.1;
						TestTargetID = 874F46EB236451BA007F7129;
					};
					874F470A236451BE007F7129 = {
						CreatedOnToolsVersion = 10.2.1;
						TestTargetID = 874F46EB236451BA007F7129;
					};
				};
			};
			buildConfigurationList = 874F46E7236451BA007F7129 /* Build configuration list for PBXProject "face_detect" */;
			compatibilityVersion = "Xcode 9.3";
			developmentRegion = en;
			hasScannedForEncodings = 0;
			knownRegions = (
				en,
				Base,
			);
			mainGroup = 874F46E3236451BA007F7129;
			productRefGroup = 874F46ED236451BA007F7129 /* Products */;
			projectDirPath = "";
			projectRoot = "";
			targets = (
				874F46EB236451BA007F7129 /* face_detect */,
				874F46FF236451BE007F7129 /* face_detectTests */,
				874F470A236451BE007F7129 /* face_detectUITests */,
			);
		};
/* End PBXProject section */

/* Begin PBXResourcesBuildPhase section */
		874F46EA236451BA007F7129 /* Resources */ = {
			isa = PBXResourcesBuildPhase;
			buildActionMask = 2147483647;
			files = (
				874F46FA236451BE007F7129 /* LaunchScreen.storyboard in Resources */,
				874F46F7236451BE007F7129 /* Assets.xcassets in Resources */,
				874F46F5236451BA007F7129 /* Main.storyboard in Resources */,
			);
			runOnlyForDeploymentPostprocessing = 0;
		};
		874F46FE236451BE007F7129 /* Resources */ = {
			isa = PBXResourcesBuildPhase;
			buildActionMask = 2147483647;
			files = (
			);
			runOnlyForDeploymentPostprocessing = 0;
		};
		874F4709236451BE007F7129 /* Resources */ = {
			isa = PBXResourcesBuildPhase;
			buildActionMask = 2147483647;
			files = (
			);
			runOnlyForDeploymentPostprocessing = 0;
		};
/* End PBXResourcesBuildPhase section */

/* Begin PBXSourcesBuildPhase section */
		874F46E8236451BA007F7129 /* Sources */ = {
			isa = PBXSourcesBuildPhase;
			buildActionMask = 2147483647;
			files = (
				874F46F2236451BA007F7129 /* BlinkDetector.swift in Sources */,
				874F46F0236451BA007F7129 /* AppDelegate.swift in Sources */,
			);
			runOnlyForDeploymentPostprocessing = 0;
		};
		874F46FC236451BE007F7129 /* Sources */ = {
			isa = PBXSourcesBuildPhase;
			buildActionMask = 2147483647;
			files = (
				874F4705236451BE007F7129 /* face_detectTests.swift in Sources */,
			);
			runOnlyForDeploymentPostprocessing = 0;
		};
		874F4707236451BE007F7129 /* Sources */ = {
			isa = PBXSourcesBuildPhase;
			buildActionMask = 2147483647;
			files = (
				874F4710236451BE007F7129 /* face_detectUITests.swift in Sources */,
			);
			runOnlyForDeploymentPostprocessing = 0;
		};
/* End PBXSourcesBuildPhase section */

/* Begin PBXTargetDependency section */
		874F4702236451BE007F7129 /* PBXTargetDependency */ = {
			isa = PBXTargetDependency;
			target = 874F46EB236451BA007F7129 /* face_detect */;
			targetProxy = 874F4701236451BE007F7129 /* PBXContainerItemProxy */;
		};
		874F470D236451BE007F7129 /* PBXTargetDependency */ = {
			isa = PBXTargetDependency;
			target = 874F46EB236451BA007F7129 /* face_detect */;
			targetProxy = 874F470C236451BE007F7129 /* PBXContainerItemProxy */;
		};
/* End PBXTargetDependency section */

/* Begin PBXVariantGroup section */
		874F46F3236451BA007F7129 /* Main.storyboard */ = {
			isa = PBXVariantGroup;
			children = (
				874F46F4236451BA007F7129 /* Base */,
			);
			name = Main.storyboard;
			sourceTree = "<group>";
		};
		874F46F8236451BE007F7129 /* LaunchScreen.storyboard */ = {
			isa = PBXVariantGroup;
			children = (
				874F46F9236451BE007F7129 /* Base */,
			);
			name = LaunchScreen.storyboard;
			sourceTree = "<group>";
		};
/* End PBXVariantGroup section */

/* Begin XCBuildConfiguration section */
		874F4712236451BE007F7129 /* Debug */ = {
			isa = XCBuildConfiguration;
			buildSettings = {
				ALWAYS_SEARCH_USER_PATHS = NO;
				CLANG_ANALYZER_NONNULL = YES;
				CLANG_ANALYZER_NUMBER_OBJECT_CONVERSION = YES_AGGRESSIVE;
				CLANG_CXX_LANGUAGE_STANDARD = "gnu++14";
				CLANG_CXX_LIBRARY = "libc++";
				CLANG_ENABLE_MODULES = YES;
				CLANG_ENABLE_OBJC_ARC = YES;
				CLANG_ENABLE_OBJC_WEAK = YES;
				CLANG_WARN_BLOCK_CAPTURE_AUTORELEASING = YES;
				CLANG_WARN_BOOL_CONVERSION = YES;
				CLANG_WARN_COMMA = YES;
				CLANG_WARN_CONSTANT_CONVERSION = YES;
				CLANG_WARN_DEPRECATED_OBJC_IMPLEMENTATIONS = YES;
				CLANG_WARN_DIRECT_OBJC_ISA_USAGE = YES_ERROR;
				CLANG_WARN_DOCUMENTATION_COMMENTS = YES;
				CLANG_WARN_EMPTY_BODY = YES;
				CLANG_WARN_ENUM_CONVERSION = YES;
				CLANG_WARN_INFINITE_RECURSION = YES;
				CLANG_WARN_INT_CONVERSION = YES;
				CLANG_WARN_NON_LITERAL_NULL_CONVERSION = YES;
				CLANG_WARN_OBJC_IMPLICIT_RETAIN_SELF = YES;
				CLANG_WARN_OBJC_LITERAL_CONVERSION = YES;
				CLANG_WARN_OBJC_ROOT_CLASS = YES_ERROR;
				CLANG_WARN_RANGE_LOOP_ANALYSIS = YES;
				CLANG_WARN_STRICT_PROTOTYPES = YES;
				CLANG_WARN_SUSPICIOUS_MOVE = YES;
				CLANG_WARN_UNGUARDED_AVAILABILITY = YES_AGGRESSIVE;
				CLANG_WARN_UNREACHABLE_CODE = YES;
				CLANG_WARN__DUPLICATE_METHOD_MATCH = YES;
				CODE_SIGN_IDENTITY = "iPhone Developer";
				COPY_PHASE_STRIP = NO;
				DEBUG_INFORMATION_FORMAT = dwarf;
				ENABLE_STRICT_OBJC_MSGSEND = YES;
				ENABLE_TESTABILITY = YES;
				GCC_C_LANGUAGE_STANDARD = gnu11;
				GCC_DYNAMIC_NO_PIC = NO;
				GCC_NO_COMMON_BLOCKS = YES;
				GCC_OPTIMIZATION_LEVEL = 0;
				GCC_PREPROCESSOR_DEFINITIONS = (
					"DEBUG=1",
					"$(inherited)",
				);
				GCC_WARN_64_TO_32_BIT_CONVERSION = YES;
				GCC_WARN_ABOUT_RETURN_TYPE = YES_ERROR;
				GCC_WARN_UNDECLARED_SELECTOR = YES;
				GCC_WARN_UNINITIALIZED_AUTOS = YES_AGGRESSIVE;
				GCC_WARN_UNUSED_FUNCTION = YES;
				GCC_WARN_UNUSED_VARIABLE = YES;
				IPHONEOS_DEPLOYMENT_TARGET = 12.2;
				MTL_ENABLE_DEBUG_INFO = INCLUDE_SOURCE;
				MTL_FAST_MATH = YES;
				ONLY_ACTIVE_ARCH = YES;
				SDKROOT = iphoneos;
				SWIFT_ACTIVE_COMPILATION_CONDITIONS = DEBUG;
				SWIFT_OPTIMIZATION_LEVEL = "-Onone";
			};
			name = Debug;
		};
		874F4713236451BE007F7129 /* Release */ = {
			isa = XCBuildConfiguration;
			buildSettings = {
				ALWAYS_SEARCH_USER_PATHS = NO;
				CLANG_ANALYZER_NONNULL = YES;
				CLANG_ANALYZER_NUMBER_OBJECT_CONVERSION = YES_AGGRESSIVE;
				CLANG_CXX_LANGUAGE_STANDARD = "gnu++14";
				CLANG_CXX_LIBRARY = "libc++";
				CLANG_ENABLE_MODULES = YES;
				CLANG_ENABLE_OBJC_ARC = YES;
				CLANG_ENABLE_OBJC_WEAK = YES;
				CLANG_WARN_BLOCK_CAPTURE_AUTORELEASING = YES;
				CLANG_WARN_BOOL_CONVERSION = YES;
				CLANG_WARN_COMMA = YES;
				CLANG_WARN_CONSTANT_CONVERSION = YES;
				CLANG_WARN_DEPRECATED_OBJC_IMPLEMENTATIONS = YES;
				CLANG_WARN_DIRECT_OBJC_ISA_USAGE = YES_ERROR;
				CLANG_WARN_DOCUMENTATION_COMMENTS = YES;
				CLANG_WARN_EMPTY_BODY = YES;
				CLANG_WARN_ENUM_CONVERSION = YES;
				CLANG_WARN_INFINITE_RECURSION = YES;
				CLANG_WARN_INT_CONVERSION = YES;
				CLANG_WARN_NON_LITERAL_NULL_CONVERSION = YES;
				CLANG_WARN_OBJC_IMPLICIT_RETAIN_SELF = YES;
				CLANG_WARN_OBJC_LITERAL_CONVERSION = YES;
				CLANG_WARN_OBJC_ROOT_CLASS = YES_ERROR;
				CLANG_WARN_RANGE_LOOP_ANALYSIS = YES;
				CLANG_WARN_STRICT_PROTOTYPES = YES;
				CLANG_WARN_SUSPICIOUS_MOVE = YES;
				CLANG_WARN_UNGUARDED_AVAILABILITY = YES_AGGRESSIVE;
				CLANG_WARN_UNREACHABLE_CODE = YES;
				CLANG_WARN__DUPLICATE_METHOD_MATCH = YES;
				CODE_SIGN_IDENTITY = "iPhone Developer";
				COPY_PHASE_STRIP = NO;
				DEBUG_INFORMATION_FORMAT = "dwarf-with-dsym";
				ENABLE_NS_ASSERTIONS = NO;
				ENABLE_STRICT_OBJC_MSGSEND = YES;
				GCC_C_LANGUAGE_STANDARD = gnu11;
				GCC_NO_COMMON_BLOCKS = YES;
				GCC_WARN_64_TO_32_BIT_CONVERSION = YES;
				GCC_WARN_ABOUT_RETURN_TYPE = YES_ERROR;
				GCC_WARN_UNDECLARED_SELECTOR = YES;
				GCC_WARN_UNINITIALIZED_AUTOS = YES_AGGRESSIVE;
				GCC_WARN_UNUSED_FUNCTION = YES;
				GCC_WARN_UNUSED_VARIABLE = YES;
				IPHONEOS_DEPLOYMENT_TARGET = 12.2;
				MTL_ENABLE_DEBUG_INFO = NO;
				MTL_FAST_MATH = YES;
				SDKROOT = iphoneos;
				SWIFT_COMPILATION_MODE = wholemodule;
				SWIFT_OPTIMIZATION_LEVEL = "-O";
				VALIDATE_PRODUCT = YES;
			};
			name = Release;
		};
		874F4715236451BE007F7129 /* Debug */ = {
			isa = XCBuildConfiguration;
			buildSettings = {
				ASSETCATALOG_COMPILER_APPICON_NAME = AppIcon;
				CODE_SIGN_STYLE = Automatic;
				DEVELOPMENT_TEAM = 57UWYUQP22;
				INFOPLIST_FILE = face_detect/Info.plist;
				LD_RUNPATH_SEARCH_PATHS = (
					"$(inherited)",
					"@executable_path/Frameworks",
				);
				PRODUCT_BUNDLE_IDENTIFIER = "none.face-detect";
				PRODUCT_NAME = "$(TARGET_NAME)";
				SWIFT_VERSION = 5.0;
				TARGETED_DEVICE_FAMILY = "1,2";
			};
			name = Debug;
		};
		874F4716236451BE007F7129 /* Release */ = {
			isa = XCBuildConfiguration;
			buildSettings = {
				ASSETCATALOG_COMPILER_APPICON_NAME = AppIcon;
				CODE_SIGN_STYLE = Automatic;
				DEVELOPMENT_TEAM = 57UWYUQP22;
				INFOPLIST_FILE = face_detect/Info.plist;
				LD_RUNPATH_SEARCH_PATHS = (
					"$(inherited)",
					"@executable_path/Frameworks",
				);
				PRODUCT_BUNDLE_IDENTIFIER = "none.face-detect";
				PRODUCT_NAME = "$(TARGET_NAME)";
				SWIFT_VERSION = 5.0;
				TARGETED_DEVICE_FAMILY = "1,2";
			};
			name = Release;
		};
		874F4718236451BE007F7129 /* Debug */ = {
			isa = XCBuildConfiguration;
			buildSettings = {
				ALWAYS_EMBED_SWIFT_STANDARD_LIBRARIES = YES;
				BUNDLE_LOADER = "$(TEST_HOST)";
				CODE_SIGN_STYLE = Automatic;
				DEVELOPMENT_TEAM = 57UWYUQP22;
				INFOPLIST_FILE = face_detectTests/Info.plist;
				LD_RUNPATH_SEARCH_PATHS = (
					"$(inherited)",
					"@executable_path/Frameworks",
					"@loader_path/Frameworks",
				);
				PRODUCT_BUNDLE_IDENTIFIER = "none.face-detectTests";
				PRODUCT_NAME = "$(TARGET_NAME)";
				SWIFT_VERSION = 5.0;
				TARGETED_DEVICE_FAMILY = "1,2";
				TEST_HOST = "$(BUILT_PRODUCTS_DIR)/face_detect.app/face_detect";
			};
			name = Debug;
		};
		874F4719236451BE007F7129 /* Release */ = {
			isa = XCBuildConfiguration;
			buildSettings = {
				ALWAYS_EMBED_SWIFT_STANDARD_LIBRARIES = YES;
				BUNDLE_LOADER = "$(TEST_HOST)";
				CODE_SIGN_STYLE = Automatic;
				DEVELOPMENT_TEAM = 57UWYUQP22;
				INFOPLIST_FILE = face_detectTests/Info.plist;
				LD_RUNPATH_SEARCH_PATHS = (
					"$(inherited)",
					"@executable_path/Frameworks",
					"@loader_path/Frameworks",
				);
				PRODUCT_BUNDLE_IDENTIFIER = "none.face-detectTests";
				PRODUCT_NAME = "$(TARGET_NAME)";
				SWIFT_VERSION = 5.0;
				TARGETED_DEVICE_FAMILY = "1,2";
				TEST_HOST = "$(BUILT_PRODUCTS_DIR)/face_detect.app/face_detect";
			};
			name = Release;
		};
		874F471B236451BE007F7129 /* Debug */ = {
			isa = XCBuildConfiguration;
			buildSettings = {
				ALWAYS_EMBED_SWIFT_STANDARD_LIBRARIES = YES;
				CODE_SIGN_STYLE = Automatic;
				DEVELOPMENT_TEAM = 57UWYUQP22;
				INFOPLIST_FILE = face_detectUITests/Info.plist;
				LD_RUNPATH_SEARCH_PATHS = (
					"$(inherited)",
					"@executable_path/Frameworks",
					"@loader_path/Frameworks",
				);
				PRODUCT_BUNDLE_IDENTIFIER = "none.face-detectUITests";
				PRODUCT_NAME = "$(TARGET_NAME)";
				SWIFT_VERSION = 5.0;
				TARGETED_DEVICE_FAMILY = "1,2";
				TEST_TARGET_NAME = face_detect;
			};
			name = Debug;
		};
		874F471C236451BE007F7129 /* Release */ = {
			isa = XCBuildConfiguration;
			buildSettings = {
				ALWAYS_EMBED_SWIFT_STANDARD_LIBRARIES = YES;
				CODE_SIGN_STYLE = Automatic;
				DEVELOPMENT_TEAM = 57UWYUQP22;
				INFOPLIST_FILE = face_detectUITests/Info.plist;
				LD_RUNPATH_SEARCH_PATHS = (
					"$(inherited)",
					"@executable_path/Frameworks",
					"@loader_path/Frameworks",
				);
				PRODUCT_BUNDLE_IDENTIFIER = "none.face-detectUITests";
				PRODUCT_NAME = "$(TARGET_NAME)";
				SWIFT_VERSION = 5.0;
				TARGETED_DEVICE_FAMILY = "1,2";
				TEST_TARGET_NAME = face_detect;
			};
			name = Release;
		};
/* End XCBuildConfiguration section */

/* Begin XCConfigurationList section */
		874F46E7236451BA007F7129 /* Build configuration list for PBXProject "face_detect" */ = {
			isa = XCConfigurationList;
			buildConfigurations = (
				874F4712236451BE007F7129 /* Debug */,
				874F4713236451BE007F7129 /* Release */,
			);
			defaultConfigurationIsVisible = 0;
			defaultConfigurationName = Release;
		};
		874F4714236451BE007F7129 /* Build configuration list for PBXNativeTarget "face_detect" */ = {
			isa = XCConfigurationList;
			buildConfigurations = (
				874F4715236451BE007F7129 /* Debug */,
				874F4716236451BE007F7129 /* Release */,
			);
			defaultConfigurationIsVisible = 0;
			defaultConfigurationName = Release;
		};
		874F4717236451BE007F7129 /* Build configuration list for PBXNativeTarget "face_detectTests" */ = {
			isa = XCConfigurationList;
			buildConfigurations = (
				874F4718236451BE007F7129 /* Debug */,
				874F4719236451BE007F7129 /* Release */,
			);
			defaultConfigurationIsVisible = 0;
			defaultConfigurationName = Release;
		};
		874F471A236451BE007F7129 /* Build configuration list for PBXNativeTarget "face_detectUITests" */ = {
			isa = XCConfigurationList;
			buildConfigurations = (
				874F471B236451BE007F7129 /* Debug */,
				874F471C236451BE007F7129 /* Release */,
			);
			defaultConfigurationIsVisible = 0;
			defaultConfigurationName = Release;
		};
/* End XCConfigurationList section */
	};
	rootObject = 874F46E4236451BA007F7129 /* Project object */;
}
